
Microsoft Visual Studio Solution File, Format Version 12.00
# Visual Studio Version 17
VisualStudioVersion = 17.11.35327.3
MinimumVisualStudioVersion = 10.0.40219.1
Project("{9A19103F-16F7-4668-BE54-9A1E7A4F7556}") = "HttpSdkGenerator.Core", "HttpSdkGenerator.Core\HttpSdkGenerator.Core.csproj", "{950A67F8-FEB3-4831-9EE6-866989D8B7BC}"
EndProject
Project("{9A19103F-16F7-4668-BE54-9A1E7A4F7556}") = "HttpSdkGenerator.Test", "HttpSdkGenerator.Test\HttpSdkGenerator.Test.csproj", "{8C1B20FD-638C-483B-AA80-71115EE60B0B}"
EndProject
Global
	GlobalSection(SolutionConfigurationPlatforms) = preSolution
		Debug|Any CPU = Debug|Any CPU
		Release|Any CPU = Release|Any CPU
	EndGlobalSection
	GlobalSection(ProjectConfigurationPlatforms) = postSolution
		{950A67F8-FEB3-4831-9EE6-866989D8B7BC}.Debug|Any CPU.ActiveCfg = Debug|Any CPU
		{950A67F8-FEB3-4831-9EE6-866989D8B7BC}.Debug|Any CPU.Build.0 = Debug|Any CPU
		{950A67F8-FEB3-4831-9EE6-866989D8B7BC}.Release|Any CPU.ActiveCfg = Release|Any CPU
		{950A67F8-FEB3-4831-9EE6-866989D8B7BC}.Release|Any CPU.Build.0 = Release|Any CPU
		{8C1B20FD-638C-483B-AA80-71115EE60B0B}.Debug|Any CPU.ActiveCfg = Debug|Any CPU
		{8C1B20FD-638C-483B-AA80-71115EE60B0B}.Debug|Any CPU.Build.0 = Debug|Any CPU
		{8C1B20FD-638C-483B-AA80-71115EE60B0B}.Release|Any CPU.ActiveCfg = Release|Any CPU
		{8C1B20FD-638C-483B-AA80-71115EE60B0B}.Release|Any CPU.Build.0 = Release|Any CPU
	EndGlobalSection
	GlobalSection(SolutionProperties) = preSolution
		HideSolutionNode = FALSE
	EndGlobalSection
	GlobalSection(ExtensibilityGlobals) = postSolution
		SolutionGuid = {1E403C65-4B0F-4B84-BFA9-CABB6DB187F0}
	EndGlobalSection
EndGlobal
